
Microsoft Visual Studio Solution File, Format Version 12.00
# Visual Studio Version 16
VisualStudioVersion = 16.0.29613.14
MinimumVisualStudioVersion = 10.0.40219.1
Project("{FAE04EC0-301F-11D3-BF4B-00C04F79EFBC}") = "CSGO_X", "CSGO_X\CSGO_X.csproj", "{4A780524-EF1A-481B-A6F9-35FAF4D33A6D}"
EndProject
Global
	GlobalSection(SolutionConfigurationPlatforms) = preSolution
		Debug|Any CPU = Debug|Any CPU
		Release|Any CPU = Release|Any CPU
	EndGlobalSection
	GlobalSection(ProjectConfigurationPlatforms) = postSolution
		{4A780524-EF1A-481B-A6F9-35FAF4D33A6D}.Debug|Any CPU.ActiveCfg = Debug|Any CPU
		{4A780524-EF1A-481B-A6F9-35FAF4D33A6D}.Debug|Any CPU.Build.0 = Debug|Any CPU
		{4A780524-EF1A-481B-A6F9-35FAF4D33A6D}.Release|Any CPU.ActiveCfg = Release|Any CPU
		{4A780524-EF1A-481B-A6F9-35FAF4D33A6D}.Release|Any CPU.Build.0 = Release|Any CPU
	EndGlobalSection
	GlobalSection(SolutionProperties) = preSolution
		HideSolutionNode = FALSE
	EndGlobalSection
	GlobalSection(ExtensibilityGlobals) = postSolution
		SolutionGuid = {E9501B8A-DE31-4E08-8930-656697AA0396}
	EndGlobalSection
EndGlobal
